
Microsoft Visual Studio Solution File, Format Version 12.00
# Visual Studio Version 16
VisualStudioVersion = 16.0.31515.178
MinimumVisualStudioVersion = 10.0.40219.1
Project("{FAE04EC0-301F-11D3-BF4B-00C04F79EFBC}") = "MoviesAPI", "MoviesAPI\MoviesAPI.csproj", "{1E73F00A-A121-49EC-9C65-8CFDD5561A11}"
EndProject
Global
	GlobalSection(SolutionConfigurationPlatforms) = preSolution
		Debug|Any CPU = Debug|Any CPU
		Release|Any CPU = Release|Any CPU
	EndGlobalSection
	GlobalSection(ProjectConfigurationPlatforms) = postSolution
		{1E73F00A-A121-49EC-9C65-8CFDD5561A11}.Debug|Any CPU.ActiveCfg = Debug|Any CPU
		{1E73F00A-A121-49EC-9C65-8CFDD5561A11}.Debug|Any CPU.Build.0 = Debug|Any CPU
		{1E73F00A-A121-49EC-9C65-8CFDD5561A11}.Release|Any CPU.ActiveCfg = Release|Any CPU
		{1E73F00A-A121-49EC-9C65-8CFDD5561A11}.Release|Any CPU.Build.0 = Release|Any CPU
	EndGlobalSection
	GlobalSection(SolutionProperties) = preSolution
		HideSolutionNode = FALSE
	EndGlobalSection
	GlobalSection(ExtensibilityGlobals) = postSolution
		SolutionGuid = {38D245A4-7241-4E31-9025-B4D32F6C3720}
	EndGlobalSection
EndGlobal
